
Microsoft Visual Studio Solution File, Format Version 12.00
# Visual Studio Version 16
VisualStudioVersion = 16.0.30503.244
MinimumVisualStudioVersion = 10.0.40219.1
Project("{9A19103F-16F7-4668-BE54-9A1E7A4F7556}") = "AndcultureCode.CSharp.Sitefinity.Testing", "AndcultureCode.CSharp.Sitefinity.Testing.csproj", "{EFC1D68F-2E8A-4F4C-8524-A37205C23D16}"
EndProject
Global
	GlobalSection(SolutionConfigurationPlatforms) = preSolution
		Debug|Any CPU = Debug|Any CPU
		Release|Any CPU = Release|Any CPU
	EndGlobalSection
	GlobalSection(ProjectConfigurationPlatforms) = postSolution
		{EFC1D68F-2E8A-4F4C-8524-A37205C23D16}.Debug|Any CPU.ActiveCfg = Debug|Any CPU
		{EFC1D68F-2E8A-4F4C-8524-A37205C23D16}.Debug|Any CPU.Build.0 = Debug|Any CPU
		{EFC1D68F-2E8A-4F4C-8524-A37205C23D16}.Release|Any CPU.ActiveCfg = Release|Any CPU
		{EFC1D68F-2E8A-4F4C-8524-A37205C23D16}.Release|Any CPU.Build.0 = Release|Any CPU
	EndGlobalSection
	GlobalSection(SolutionProperties) = preSolution
		HideSolutionNode = FALSE
	EndGlobalSection
	GlobalSection(ExtensibilityGlobals) = postSolution
		SolutionGuid = {12A3CD60-A2C1-479F-8EB3-C16172D6CC18}
	EndGlobalSection
EndGlobal
